// !$*UTF8*$!
{
	archiveVersion = 1;
	classes = {
	};
	objectVersion = 56;
	objects = {

/* Begin PBXBuildFile section */
		8D4F0C342B0CDFD3006A43F8 /* Exercise.swift in Sources */ = {isa = PBXBuildFile; fileRef = 8D4F0C332B0CDFD3006A43F8 /* Exercise.swift */; };
		8D4F0C362B0CE6CF006A43F8 /* ExerciseDetailView.swift in Sources */ = {isa = PBXBuildFile; fileRef = 8D4F0C352B0CE6CF006A43F8 /* ExerciseDetailView.swift */; };
		8D4F0C382B0CF364006A43F8 /* ExerciseCellView.swift in Sources */ = {isa = PBXBuildFile; fileRef = 8D4F0C372B0CF364006A43F8 /* ExerciseCellView.swift */; };
		8DE5B17C2B0B6BDD00E77DDE /* workout_appApp.swift in Sources */ = {isa = PBXBuildFile; fileRef = 8DE5B17B2B0B6BDD00E77DDE /* workout_appApp.swift */; };
		8DE5B17E2B0B6BDD00E77DDE /* ContentView.swift in Sources */ = {isa = PBXBuildFile; fileRef = 8DE5B17D2B0B6BDD00E77DDE /* ContentView.swift */; };
		8DE5B1802B0B6BE100E77DDE /* Assets.xcassets in Resources */ = {isa = PBXBuildFile; fileRef = 8DE5B17F2B0B6BE100E77DDE /* Assets.xcassets */; };
		8DE5B1832B0B6BE100E77DDE /* Preview Assets.xcassets in Resources */ = {isa = PBXBuildFile; fileRef = 8DE5B1822B0B6BE100E77DDE /* Preview Assets.xcassets */; };
		8DE5B18A2B0B9C9F00E77DDE /* ExercisesView.swift in Sources */ = {isa = PBXBuildFile; fileRef = 8DE5B1892B0B9C9F00E77DDE /* ExercisesView.swift */; };
/* End PBXBuildFile section */

/* Begin PBXFileReference section */
		8D4F0C332B0CDFD3006A43F8 /* Exercise.swift */ = {isa = PBXFileReference; lastKnownFileType = sourcecode.swift; path = Exercise.swift; sourceTree = "<group>"; };
		8D4F0C352B0CE6CF006A43F8 /* ExerciseDetailView.swift */ = {isa = PBXFileReference; lastKnownFileType = sourcecode.swift; path = ExerciseDetailView.swift; sourceTree = "<group>"; };
		8D4F0C372B0CF364006A43F8 /* ExerciseCellView.swift */ = {isa = PBXFileReference; lastKnownFileType = sourcecode.swift; path = ExerciseCellView.swift; sourceTree = "<group>"; };
		8DE5B1782B0B6BDD00E77DDE /* workout-app.app */ = {isa = PBXFileReference; explicitFileType = wrapper.application; includeInIndex = 0; path = "workout-app.app"; sourceTree = BUILT_PRODUCTS_DIR; };
		8DE5B17B2B0B6BDD00E77DDE /* workout_appApp.swift */ = {isa = PBXFileReference; lastKnownFileType = sourcecode.swift; path = workout_appApp.swift; sourceTree = "<group>"; };
		8DE5B17D2B0B6BDD00E77DDE /* ContentView.swift */ = {isa = PBXFileReference; lastKnownFileType = sourcecode.swift; path = ContentView.swift; sourceTree = "<group>"; };
		8DE5B17F2B0B6BE100E77DDE /* Assets.xcassets */ = {isa = PBXFileReference; lastKnownFileType = folder.assetcatalog; path = Assets.xcassets; sourceTree = "<group>"; };
		8DE5B1822B0B6BE100E77DDE /* Preview Assets.xcassets */ = {isa = PBXFileReference; lastKnownFileType = folder.assetcatalog; path = "Preview Assets.xcassets"; sourceTree = "<group>"; };
		8DE5B1892B0B9C9F00E77DDE /* ExercisesView.swift */ = {isa = PBXFileReference; lastKnownFileType = sourcecode.swift; path = ExercisesView.swift; sourceTree = "<group>"; };
/* End PBXFileReference section */

/* Begin PBXFrameworksBuildPhase section */
		8DE5B1752B0B6BDD00E77DDE /* Frameworks */ = {
			isa = PBXFrameworksBuildPhase;
			buildActionMask = 2147483647;
			files = (
			);
			runOnlyForDeploymentPostprocessing = 0;
		};
/* End PBXFrameworksBuildPhase section */

/* Begin PBXGroup section */
		8DE5B16F2B0B6BDD00E77DDE = {
			isa = PBXGroup;
			children = (
				8DE5B17A2B0B6BDD00E77DDE /* workout-app */,
				8DE5B1792B0B6BDD00E77DDE /* Products */,
			);
			sourceTree = "<group>";
		};
		8DE5B1792B0B6BDD00E77DDE /* Products */ = {
			isa = PBXGroup;
			children = (
				8DE5B1782B0B6BDD00E77DDE /* workout-app.app */,
			);
			name = Products;
			sourceTree = "<group>";
		};
		8DE5B17A2B0B6BDD00E77DDE /* workout-app */ = {
			isa = PBXGroup;
			children = (
				8D4F0C352B0CE6CF006A43F8 /* ExerciseDetailView.swift */,
				8D4F0C372B0CF364006A43F8 /* ExerciseCellView.swift */,
				8DE5B17B2B0B6BDD00E77DDE /* workout_appApp.swift */,
				8D4F0C332B0CDFD3006A43F8 /* Exercise.swift */,
				8DE5B1892B0B9C9F00E77DDE /* ExercisesView.swift */,
				8DE5B17D2B0B6BDD00E77DDE /* ContentView.swift */,
				8DE5B17F2B0B6BE100E77DDE /* Assets.xcassets */,
				8DE5B1812B0B6BE100E77DDE /* Preview Content */,
			);
			path = "workout-app";
			sourceTree = "<group>";
		};
		8DE5B1812B0B6BE100E77DDE /* Preview Content */ = {
			isa = PBXGroup;
			children = (
				8DE5B1822B0B6BE100E77DDE /* Preview Assets.xcassets */,
			);
			path = "Preview Content";
			sourceTree = "<group>";
		};
/* End PBXGroup section */

/* Begin PBXNativeTarget section */
		8DE5B1772B0B6BDD00E77DDE /* workout-app */ = {
			isa = PBXNativeTarget;
			buildConfigurationList = 8DE5B1862B0B6BE100E77DDE /* Build configuration list for PBXNativeTarget "workout-app" */;
			buildPhases = (
				8DE5B1742B0B6BDD00E77DDE /* Sources */,
				8DE5B1752B0B6BDD00E77DDE /* Frameworks */,
				8DE5B1762B0B6BDD00E77DDE /* Resources */,
			);
			buildRules = (
			);
			dependencies = (
			);
			name = "workout-app";
			productName = "workout-app";
			productReference = 8DE5B1782B0B6BDD00E77DDE /* workout-app.app */;
			productType = "com.apple.product-type.application";
		};
/* End PBXNativeTarget section */

/* Begin PBXProject section */
		8DE5B1702B0B6BDD00E77DDE /* Project object */ = {
			isa = PBXProject;
			attributes = {
				BuildIndependentTargetsInParallel = 1;
				LastSwiftUpdateCheck = 1430;
				LastUpgradeCheck = 1430;
				TargetAttributes = {
					8DE5B1772B0B6BDD00E77DDE = {
						CreatedOnToolsVersion = 14.3.1;
					};
				};
			};
			buildConfigurationList = 8DE5B1732B0B6BDD00E77DDE /* Build configuration list for PBXProject "workout-app" */;
			compatibilityVersion = "Xcode 14.0";
			developmentRegion = en;
			hasScannedForEncodings = 0;
			knownRegions = (
				en,
				Base,
			);
			mainGroup = 8DE5B16F2B0B6BDD00E77DDE;
			productRefGroup = 8DE5B1792B0B6BDD00E77DDE /* Products */;
			projectDirPath = "";
			projectRoot = "";
			targets = (
				8DE5B1772B0B6BDD00E77DDE /* workout-app */,
			);
		};
/* End PBXProject section */

/* Begin PBXResourcesBuildPhase section */
		8DE5B1762B0B6BDD00E77DDE /* Resources */ = {
			isa = PBXResourcesBuildPhase;
			buildActionMask = 2147483647;
			files = (
				8DE5B1832B0B6BE100E77DDE /* Preview Assets.xcassets in Resources */,
				8DE5B1802B0B6BE100E77DDE /* Assets.xcassets in Resources */,
			);
			runOnlyForDeploymentPostprocessing = 0;
		};
/* End PBXResourcesBuildPhase section */

/* Begin PBXSourcesBuildPhase section */
		8DE5B1742B0B6BDD00E77DDE /* Sources */ = {
			isa = PBXSourcesBuildPhase;
			buildActionMask = 2147483647;
			files = (
				8DE5B17E2B0B6BDD00E77DDE /* ContentView.swift in Sources */,
				8D4F0C362B0CE6CF006A43F8 /* ExerciseDetailView.swift in Sources */,
				8D4F0C382B0CF364006A43F8 /* ExerciseCellView.swift in Sources */,
				8D4F0C342B0CDFD3006A43F8 /* Exercise.swift in Sources */,
				8DE5B18A2B0B9C9F00E77DDE /* ExercisesView.swift in Sources */,
				8DE5B17C2B0B6BDD00E77DDE /* workout_appApp.swift in Sources */,
			);
			runOnlyForDeploymentPostprocessing = 0;
		};
/* End PBXSourcesBuildPhase section */

/* Begin XCBuildConfiguration section */
		8DE5B1842B0B6BE100E77DDE /* Debug */ = {
			isa = XCBuildConfiguration;
			buildSettings = {
				ALWAYS_SEARCH_USER_PATHS = NO;
				CLANG_ANALYZER_NONNULL = YES;
				CLANG_ANALYZER_NUMBER_OBJECT_CONVERSION = YES_AGGRESSIVE;
				CLANG_CXX_LANGUAGE_STANDARD = "gnu++20";
				CLANG_ENABLE_MODULES = YES;
				CLANG_ENABLE_OBJC_ARC = YES;
				CLANG_ENABLE_OBJC_WEAK = YES;
				CLANG_WARN_BLOCK_CAPTURE_AUTORELEASING = YES;
				CLANG_WARN_BOOL_CONVERSION = YES;
				CLANG_WARN_COMMA = YES;
				CLANG_WARN_CONSTANT_CONVERSION = YES;
				CLANG_WARN_DEPRECATED_OBJC_IMPLEMENTATIONS = YES;
				CLANG_WARN_DIRECT_OBJC_ISA_USAGE = YES_ERROR;
				CLANG_WARN_DOCUMENTATION_COMMENTS = YES;
				CLANG_WARN_EMPTY_BODY = YES;
				CLANG_WARN_ENUM_CONVERSION = YES;
				CLANG_WARN_INFINITE_RECURSION = YES;
				CLANG_WARN_INT_CONVERSION = YES;
				CLANG_WARN_NON_LITERAL_NULL_CONVERSION = YES;
				CLANG_WARN_OBJC_IMPLICIT_RETAIN_SELF = YES;
				CLANG_WARN_OBJC_LITERAL_CONVERSION = YES;
				CLANG_WARN_OBJC_ROOT_CLASS = YES_ERROR;
				CLANG_WARN_QUOTED_INCLUDE_IN_FRAMEWORK_HEADER = YES;
				CLANG_WARN_RANGE_LOOP_ANALYSIS = YES;
				CLANG_WARN_STRICT_PROTOTYPES = YES;
				CLANG_WARN_SUSPICIOUS_MOVE = YES;
				CLANG_WARN_UNGUARDED_AVAILABILITY = YES_AGGRESSIVE;
				CLANG_WARN_UNREACHABLE_CODE = YES;
				CLANG_WARN__DUPLICATE_METHOD_MATCH = YES;
				COPY_PHASE_STRIP = NO;
				DEBUG_INFORMATION_FORMAT = dwarf;
				ENABLE_STRICT_OBJC_MSGSEND = YES;
				ENABLE_TESTABILITY = YES;
				GCC_C_LANGUAGE_STANDARD = gnu11;
				GCC_DYNAMIC_NO_PIC = NO;
				GCC_NO_COMMON_BLOCKS = YES;
				GCC_OPTIMIZATION_LEVEL = 0;
				GCC_PREPROCESSOR_DEFINITIONS = (
					"DEBUG=1",
					"$(inherited)",
				);
				GCC_WARN_64_TO_32_BIT_CONVERSION = YES;
				GCC_WARN_ABOUT_RETURN_TYPE = YES_ERROR;
				GCC_WARN_UNDECLARED_SELECTOR = YES;
				GCC_WARN_UNINITIALIZED_AUTOS = YES_AGGRESSIVE;
				GCC_WARN_UNUSED_FUNCTION = YES;
				GCC_WARN_UNUSED_VARIABLE = YES;
				IPHONEOS_DEPLOYMENT_TARGET = 16.4;
				MTL_ENABLE_DEBUG_INFO = INCLUDE_SOURCE;
				MTL_FAST_MATH = YES;
				ONLY_ACTIVE_ARCH = YES;
				SDKROOT = iphoneos;
				SWIFT_ACTIVE_COMPILATION_CONDITIONS = DEBUG;
				SWIFT_OPTIMIZATION_LEVEL = "-Onone";
			};
			name = Debug;
		};
		8DE5B1852B0B6BE100E77DDE /* Release */ = {
			isa = XCBuildConfiguration;
			buildSettings = {
				ALWAYS_SEARCH_USER_PATHS = NO;
				CLANG_ANALYZER_NONNULL = YES;
				CLANG_ANALYZER_NUMBER_OBJECT_CONVERSION = YES_AGGRESSIVE;
				CLANG_CXX_LANGUAGE_STANDARD = "gnu++20";
				CLANG_ENABLE_MODULES = YES;
				CLANG_ENABLE_OBJC_ARC = YES;
				CLANG_ENABLE_OBJC_WEAK = YES;
				CLANG_WARN_BLOCK_CAPTURE_AUTORELEASING = YES;
				CLANG_WARN_BOOL_CONVERSION = YES;
				CLANG_WARN_COMMA = YES;
				CLANG_WARN_CONSTANT_CONVERSION = YES;
				CLANG_WARN_DEPRECATED_OBJC_IMPLEMENTATIONS = YES;
				CLANG_WARN_DIRECT_OBJC_ISA_USAGE = YES_ERROR;
				CLANG_WARN_DOCUMENTATION_COMMENTS = YES;
				CLANG_WARN_EMPTY_BODY = YES;
				CLANG_WARN_ENUM_CONVERSION = YES;
				CLANG_WARN_INFINITE_RECURSION = YES;
				CLANG_WARN_INT_CONVERSION = YES;
				CLANG_WARN_NON_LITERAL_NULL_CONVERSION = YES;
				CLANG_WARN_OBJC_IMPLICIT_RETAIN_SELF = YES;
				CLANG_WARN_OBJC_LITERAL_CONVERSION = YES;
				CLANG_WARN_OBJC_ROOT_CLASS = YES_ERROR;
				CLANG_WARN_QUOTED_INCLUDE_IN_FRAMEWORK_HEADER = YES;
				CLANG_WARN_RANGE_LOOP_ANALYSIS = YES;
				CLANG_WARN_STRICT_PROTOTYPES = YES;
				CLANG_WARN_SUSPICIOUS_MOVE = YES;
				CLANG_WARN_UNGUARDED_AVAILABILITY = YES_AGGRESSIVE;
				CLANG_WARN_UNREACHABLE_CODE = YES;
				CLANG_WARN__DUPLICATE_METHOD_MATCH = YES;
				COPY_PHASE_STRIP = NO;
				DEBUG_INFORMATION_FORMAT = "dwarf-with-dsym";
				ENABLE_NS_ASSERTIONS = NO;
				ENABLE_STRICT_OBJC_MSGSEND = YES;
				GCC_C_LANGUAGE_STANDARD = gnu11;
				GCC_NO_COMMON_BLOCKS = YES;
				GCC_WARN_64_TO_32_BIT_CONVERSION = YES;
				GCC_WARN_ABOUT_RETURN_TYPE = YES_ERROR;
				GCC_WARN_UNDECLARED_SELECTOR = YES;
				GCC_WARN_UNINITIALIZED_AUTOS = YES_AGGRESSIVE;
				GCC_WARN_UNUSED_FUNCTION = YES;
				GCC_WARN_UNUSED_VARIABLE = YES;
				IPHONEOS_DEPLOYMENT_TARGET = 16.4;
				MTL_ENABLE_DEBUG_INFO = NO;
				MTL_FAST_MATH = YES;
				SDKROOT = iphoneos;
				SWIFT_COMPILATION_MODE = wholemodule;
				SWIFT_OPTIMIZATION_LEVEL = "-O";
				VALIDATE_PRODUCT = YES;
			};
			name = Release;
		};
		8DE5B1872B0B6BE100E77DDE /* Debug */ = {
			isa = XCBuildConfiguration;
			buildSettings = {
				ASSETCATALOG_COMPILER_APPICON_NAME = AppIcon;
				ASSETCATALOG_COMPILER_GLOBAL_ACCENT_COLOR_NAME = AccentColor;
				CODE_SIGN_STYLE = Automatic;
				CURRENT_PROJECT_VERSION = 1;
				DEVELOPMENT_ASSET_PATHS = "\"workout-app/Preview Content\"";
				ENABLE_PREVIEWS = YES;
				GENERATE_INFOPLIST_FILE = YES;
				INFOPLIST_KEY_UIApplicationSceneManifest_Generation = YES;
				INFOPLIST_KEY_UIApplicationSupportsIndirectInputEvents = YES;
				INFOPLIST_KEY_UILaunchScreen_Generation = YES;
				INFOPLIST_KEY_UISupportedInterfaceOrientations_iPad = "UIInterfaceOrientationPortrait UIInterfaceOrientationPortraitUpsideDown UIInterfaceOrientationLandscapeLeft UIInterfaceOrientationLandscapeRight";
				INFOPLIST_KEY_UISupportedInterfaceOrientations_iPhone = "UIInterfaceOrientationPortrait UIInterfaceOrientationLandscapeLeft UIInterfaceOrientationLandscapeRight";
				LD_RUNPATH_SEARCH_PATHS = (
					"$(inherited)",
					"@executable_path/Frameworks",
				);
				MARKETING_VERSION = 1.0;
				PRODUCT_BUNDLE_IDENTIFIER = "pierre.workout-app";
				PRODUCT_NAME = "$(TARGET_NAME)";
				SWIFT_EMIT_LOC_STRINGS = YES;
				SWIFT_VERSION = 5.0;
				TARGETED_DEVICE_FAMILY = "1,2";
			};
			name = Debug;
		};
		8DE5B1882B0B6BE100E77DDE /* Release */ = {
			isa = XCBuildConfiguration;
			buildSettings = {
				ASSETCATALOG_COMPILER_APPICON_NAME = AppIcon;
				ASSETCATALOG_COMPILER_GLOBAL_ACCENT_COLOR_NAME = AccentColor;
				CODE_SIGN_STYLE = Automatic;
				CURRENT_PROJECT_VERSION = 1;
				DEVELOPMENT_ASSET_PATHS = "\"workout-app/Preview Content\"";
				ENABLE_PREVIEWS = YES;
				GENERATE_INFOPLIST_FILE = YES;
				INFOPLIST_KEY_UIApplicationSceneManifest_Generation = YES;
				INFOPLIST_KEY_UIApplicationSupportsIndirectInputEvents = YES;
				INFOPLIST_KEY_UILaunchScreen_Generation = YES;
				INFOPLIST_KEY_UISupportedInterfaceOrientations_iPad = "UIInterfaceOrientationPortrait UIInterfaceOrientationPortraitUpsideDown UIInterfaceOrientationLandscapeLeft UIInterfaceOrientationLandscapeRight";
				INFOPLIST_KEY_UISupportedInterfaceOrientations_iPhone = "UIInterfaceOrientationPortrait UIInterfaceOrientationLandscapeLeft UIInterfaceOrientationLandscapeRight";
				LD_RUNPATH_SEARCH_PATHS = (
					"$(inherited)",
					"@executable_path/Frameworks",
				);
				MARKETING_VERSION = 1.0;
				PRODUCT_BUNDLE_IDENTIFIER = "pierre.workout-app";
				PRODUCT_NAME = "$(TARGET_NAME)";
				SWIFT_EMIT_LOC_STRINGS = YES;
				SWIFT_VERSION = 5.0;
				TARGETED_DEVICE_FAMILY = "1,2";
			};
			name = Release;
		};
/* End XCBuildConfiguration section */

/* Begin XCConfigurationList section */
		8DE5B1732B0B6BDD00E77DDE /* Build configuration list for PBXProject "workout-app" */ = {
			isa = XCConfigurationList;
			buildConfigurations = (
				8DE5B1842B0B6BE100E77DDE /* Debug */,
				8DE5B1852B0B6BE100E77DDE /* Release */,
			);
			defaultConfigurationIsVisible = 0;
			defaultConfigurationName = Release;
		};
		8DE5B1862B0B6BE100E77DDE /* Build configuration list for PBXNativeTarget "workout-app" */ = {
			isa = XCConfigurationList;
			buildConfigurations = (
				8DE5B1872B0B6BE100E77DDE /* Debug */,
				8DE5B1882B0B6BE100E77DDE /* Release */,
			);
			defaultConfigurationIsVisible = 0;
			defaultConfigurationName = Release;
		};
/* End XCConfigurationList section */
	};
	rootObject = 8DE5B1702B0B6BDD00E77DDE /* Project object */;
}
